
Microsoft Visual Studio Solution File, Format Version 11.00
# Visual Studio 2010
Project("{FAE04EC0-301F-11D3-BF4B-00C04F79EFBC}") = "SortedSetDemo", "SortedSetDemo\SortedSetDemo.csproj", "{886E23A4-5B0C-4F68-9D04-B852D6D64640}"
EndProject
Global
	GlobalSection(SolutionConfigurationPlatforms) = preSolution
		Debug|x86 = Debug|x86
		Release|x86 = Release|x86
	EndGlobalSection
	GlobalSection(ProjectConfigurationPlatforms) = postSolution
		{886E23A4-5B0C-4F68-9D04-B852D6D64640}.Debug|x86.ActiveCfg = Debug|x86
		{886E23A4-5B0C-4F68-9D04-B852D6D64640}.Debug|x86.Build.0 = Debug|x86
		{886E23A4-5B0C-4F68-9D04-B852D6D64640}.Release|x86.ActiveCfg = Release|x86
		{886E23A4-5B0C-4F68-9D04-B852D6D64640}.Release|x86.Build.0 = Release|x86
	EndGlobalSection
	GlobalSection(SolutionProperties) = preSolution
		HideSolutionNode = FALSE
	EndGlobalSection
EndGlobal
