
Microsoft Visual Studio Solution File, Format Version 11.00
# Visual Studio 2010
Project("{FAE04EC0-301F-11D3-BF4B-00C04F79EFBC}") = "Count", "Count\Count.csproj", "{3EB34D47-CAD2-4901-A403-B4E79A357C6F}"
EndProject
Global
	GlobalSection(SolutionConfigurationPlatforms) = preSolution
		Debug|x86 = Debug|x86
		Release|x86 = Release|x86
	EndGlobalSection
	GlobalSection(ProjectConfigurationPlatforms) = postSolution
		{3EB34D47-CAD2-4901-A403-B4E79A357C6F}.Debug|x86.ActiveCfg = Debug|x86
		{3EB34D47-CAD2-4901-A403-B4E79A357C6F}.Debug|x86.Build.0 = Debug|x86
		{3EB34D47-CAD2-4901-A403-B4E79A357C6F}.Release|x86.ActiveCfg = Release|x86
		{3EB34D47-CAD2-4901-A403-B4E79A357C6F}.Release|x86.Build.0 = Release|x86
	EndGlobalSection
	GlobalSection(SolutionProperties) = preSolution
		HideSolutionNode = FALSE
	EndGlobalSection
EndGlobal
